
Microsoft Visual Studio Solution File, Format Version 12.00
# Visual Studio Version 17
VisualStudioVersion = 17.5.33312.197
MinimumVisualStudioVersion = 10.0.40219.1
Project("{FAE04EC0-301F-11D3-BF4B-00C04F79EFBC}") = "LockboxControlCLI", "LockboxControlCLI\LockboxControlCLI.csproj", "{B93395E3-10B6-40E1-9C20-6E2EE376C5D0}"
EndProject
Project("{9A19103F-16F7-4668-BE54-9A1E7A4F7556}") = "LockBoxControl.Core", "LockboxControl.Core\LockBoxControl.Core.csproj", "{EAB9426E-E8AA-4AA3-B606-0D29C87585D9}"
EndProject
Project("{9A19103F-16F7-4668-BE54-9A1E7A4F7556}") = "LockBoxControl.Api", "LockBoxControl.Api\LockBoxControl.Api.csproj", "{BF915746-35E7-4468-9C70-05013AD9AC65}"
EndProject
Project("{9A19103F-16F7-4668-BE54-9A1E7A4F7556}") = "LockboxControl.Storage", "LockboxControl.Storage\LockboxControl.Storage.csproj", "{49D6010F-5748-4593-B543-430E4A7C45E2}"
EndProject
Project("{E53339B2-1760-4266-BCC7-CA923CBCF16C}") = "docker-compose", "docker-compose.dcproj", "{B92DAF74-6AF6-4E49-B678-6825A0D27497}"
EndProject
Project("{9A19103F-16F7-4668-BE54-9A1E7A4F7556}") = "LockBoxControl.Core.Backend", "..\LockBoxControl.Core.Backend\LockBoxControl.Core.Backend.csproj", "{C02450DB-8558-45AC-8670-B53818FC9E15}"
EndProject
Project("{FAE04EC0-301F-11D3-BF4B-00C04F79EFBC}") = "LockBoxControl.Core.Frontend", "..\LockBoc.Control.Core.Frontend\LockBoxControl.Core.Frontend.csproj", "{ABF1B4FF-738D-4035-9A17-6FCFA568AC1A}"
EndProject
Project("{FAE04EC0-301F-11D3-BF4B-00C04F79EFBC}") = "LockBoxControl.Blazor.Client", "..\LockBoxControl.Blazor\Client\LockBoxControl.Blazor.Client.csproj", "{3ED3B7C9-329B-48F8-92A1-E36AECC44FC7}"
EndProject
Project("{FAE04EC0-301F-11D3-BF4B-00C04F79EFBC}") = "LockBoxControl.Blazor.Server", "..\LockBoxControl.Blazor\Server\LockBoxControl.Blazor.Server.csproj", "{75896DCA-1C2E-4C9A-BA6A-462335708BE3}"
EndProject
Project("{FAE04EC0-301F-11D3-BF4B-00C04F79EFBC}") = "LockBoxControl.Blazor.Shared", "..\LockBoxControl.Blazor\Shared\LockBoxControl.Blazor.Shared.csproj", "{0422E5B7-2082-4991-A967-B2741CE200DE}"
EndProject
Project("{FAE04EC0-301F-11D3-BF4B-00C04F79EFBC}") = "LockBoxControl.WebAssembly.Test", "..\LockBoxControl.WebAssembly.Test\LockBoxControl.WebAssembly.Test.csproj", "{66A0922A-D9C4-468B-B2F0-C4FE44CD1FBC}"
EndProject
Global
	GlobalSection(SolutionConfigurationPlatforms) = preSolution
		Debug|Any CPU = Debug|Any CPU
		Release|Any CPU = Release|Any CPU
	EndGlobalSection
	GlobalSection(ProjectConfigurationPlatforms) = postSolution
		{B93395E3-10B6-40E1-9C20-6E2EE376C5D0}.Debug|Any CPU.ActiveCfg = Debug|Any CPU
		{B93395E3-10B6-40E1-9C20-6E2EE376C5D0}.Debug|Any CPU.Build.0 = Debug|Any CPU
		{B93395E3-10B6-40E1-9C20-6E2EE376C5D0}.Release|Any CPU.ActiveCfg = Release|Any CPU
		{B93395E3-10B6-40E1-9C20-6E2EE376C5D0}.Release|Any CPU.Build.0 = Release|Any CPU
		{EAB9426E-E8AA-4AA3-B606-0D29C87585D9}.Debug|Any CPU.ActiveCfg = Debug|Any CPU
		{EAB9426E-E8AA-4AA3-B606-0D29C87585D9}.Debug|Any CPU.Build.0 = Debug|Any CPU
		{EAB9426E-E8AA-4AA3-B606-0D29C87585D9}.Release|Any CPU.ActiveCfg = Release|Any CPU
		{EAB9426E-E8AA-4AA3-B606-0D29C87585D9}.Release|Any CPU.Build.0 = Release|Any CPU
		{BF915746-35E7-4468-9C70-05013AD9AC65}.Debug|Any CPU.ActiveCfg = Debug|Any CPU
		{BF915746-35E7-4468-9C70-05013AD9AC65}.Debug|Any CPU.Build.0 = Debug|Any CPU
		{BF915746-35E7-4468-9C70-05013AD9AC65}.Release|Any CPU.ActiveCfg = Release|Any CPU
		{BF915746-35E7-4468-9C70-05013AD9AC65}.Release|Any CPU.Build.0 = Release|Any CPU
		{49D6010F-5748-4593-B543-430E4A7C45E2}.Debug|Any CPU.ActiveCfg = Debug|Any CPU
		{49D6010F-5748-4593-B543-430E4A7C45E2}.Debug|Any CPU.Build.0 = Debug|Any CPU
		{49D6010F-5748-4593-B543-430E4A7C45E2}.Release|Any CPU.ActiveCfg = Release|Any CPU
		{49D6010F-5748-4593-B543-430E4A7C45E2}.Release|Any CPU.Build.0 = Release|Any CPU
		{B92DAF74-6AF6-4E49-B678-6825A0D27497}.Debug|Any CPU.ActiveCfg = Debug|Any CPU
		{B92DAF74-6AF6-4E49-B678-6825A0D27497}.Debug|Any CPU.Build.0 = Debug|Any CPU
		{B92DAF74-6AF6-4E49-B678-6825A0D27497}.Release|Any CPU.ActiveCfg = Release|Any CPU
		{B92DAF74-6AF6-4E49-B678-6825A0D27497}.Release|Any CPU.Build.0 = Release|Any CPU
		{C02450DB-8558-45AC-8670-B53818FC9E15}.Debug|Any CPU.ActiveCfg = Debug|Any CPU
		{C02450DB-8558-45AC-8670-B53818FC9E15}.Debug|Any CPU.Build.0 = Debug|Any CPU
		{C02450DB-8558-45AC-8670-B53818FC9E15}.Release|Any CPU.ActiveCfg = Release|Any CPU
		{C02450DB-8558-45AC-8670-B53818FC9E15}.Release|Any CPU.Build.0 = Release|Any CPU
		{ABF1B4FF-738D-4035-9A17-6FCFA568AC1A}.Debug|Any CPU.ActiveCfg = Debug|Any CPU
		{ABF1B4FF-738D-4035-9A17-6FCFA568AC1A}.Debug|Any CPU.Build.0 = Debug|Any CPU
		{ABF1B4FF-738D-4035-9A17-6FCFA568AC1A}.Release|Any CPU.ActiveCfg = Release|Any CPU
		{ABF1B4FF-738D-4035-9A17-6FCFA568AC1A}.Release|Any CPU.Build.0 = Release|Any CPU
		{3ED3B7C9-329B-48F8-92A1-E36AECC44FC7}.Debug|Any CPU.ActiveCfg = Debug|Any CPU
		{3ED3B7C9-329B-48F8-92A1-E36AECC44FC7}.Debug|Any CPU.Build.0 = Debug|Any CPU
		{3ED3B7C9-329B-48F8-92A1-E36AECC44FC7}.Release|Any CPU.ActiveCfg = Release|Any CPU
		{3ED3B7C9-329B-48F8-92A1-E36AECC44FC7}.Release|Any CPU.Build.0 = Release|Any CPU
		{75896DCA-1C2E-4C9A-BA6A-462335708BE3}.Debug|Any CPU.ActiveCfg = Debug|Any CPU
		{75896DCA-1C2E-4C9A-BA6A-462335708BE3}.Debug|Any CPU.Build.0 = Debug|Any CPU
		{75896DCA-1C2E-4C9A-BA6A-462335708BE3}.Release|Any CPU.ActiveCfg = Release|Any CPU
		{75896DCA-1C2E-4C9A-BA6A-462335708BE3}.Release|Any CPU.Build.0 = Release|Any CPU
		{0422E5B7-2082-4991-A967-B2741CE200DE}.Debug|Any CPU.ActiveCfg = Debug|Any CPU
		{0422E5B7-2082-4991-A967-B2741CE200DE}.Debug|Any CPU.Build.0 = Debug|Any CPU
		{0422E5B7-2082-4991-A967-B2741CE200DE}.Release|Any CPU.ActiveCfg = Release|Any CPU
		{0422E5B7-2082-4991-A967-B2741CE200DE}.Release|Any CPU.Build.0 = Release|Any CPU
		{66A0922A-D9C4-468B-B2F0-C4FE44CD1FBC}.Debug|Any CPU.ActiveCfg = Debug|Any CPU
		{66A0922A-D9C4-468B-B2F0-C4FE44CD1FBC}.Debug|Any CPU.Build.0 = Debug|Any CPU
		{66A0922A-D9C4-468B-B2F0-C4FE44CD1FBC}.Release|Any CPU.ActiveCfg = Release|Any CPU
		{66A0922A-D9C4-468B-B2F0-C4FE44CD1FBC}.Release|Any CPU.Build.0 = Release|Any CPU
	EndGlobalSection
	GlobalSection(SolutionProperties) = preSolution
		HideSolutionNode = FALSE
	EndGlobalSection
	GlobalSection(ExtensibilityGlobals) = postSolution
		SolutionGuid = {D709A658-D8AE-47FC-99B8-68B616A7B9D0}
	EndGlobalSection
EndGlobal
